
Microsoft Visual Studio Solution File, Format Version 12.00
# Visual Studio Version 16
VisualStudioVersion = 16.0.29613.14
MinimumVisualStudioVersion = 10.0.40219.1
Project("{FAE04EC0-301F-11D3-BF4B-00C04F79EFBC}") = "DocumentLab.Contracts", "Libraries\DocumentLab.Contracts\DocumentLab.Contracts.csproj", "{57BDF394-9BDD-49E8-AE1A-3436F73D1451}"
EndProject
Project("{FAE04EC0-301F-11D3-BF4B-00C04F79EFBC}") = "DocumentLab.Core", "Libraries\DocumentLab.Core\DocumentLab.Core.csproj", "{A82EB56D-EA9C-4E0B-B411-E8E8BB16FAB9}"
EndProject
Project("{FAE04EC0-301F-11D3-BF4B-00C04F79EFBC}") = "DocumentLab.ImageProcessor", "Libraries\DocumentLab.ImageProcessing\DocumentLab.ImageProcessor.csproj", "{C5F9819F-5A25-40E5-BFF0-865B40BC3623}"
EndProject
Project("{FAE04EC0-301F-11D3-BF4B-00C04F79EFBC}") = "DocumentLab.Ocr", "Libraries\DocumentLab.Ocr\DocumentLab.Ocr.csproj", "{C86347F7-EABC-4541-916D-414F8F8B48D2}"
EndProject
Project("{FAE04EC0-301F-11D3-BF4B-00C04F79EFBC}") = "DocumentLab.PageAnalyzer", "Libraries\DocumentLab.PageAnalyzer\DocumentLab.PageAnalyzer.csproj", "{431F6728-67E7-4A0B-819D-6EFD8872A108}"
EndProject
Project("{FAE04EC0-301F-11D3-BF4B-00C04F79EFBC}") = "DocumentLab.PageInterpreter", "Libraries\DocumentLab.PageInterpreter\DocumentLab.PageInterpreter.csproj", "{4A714576-905E-43D2-8347-95190490FE60}"
EndProject
Project("{FAE04EC0-301F-11D3-BF4B-00C04F79EFBC}") = "DocumentLab.TextAnalyzer", "Libraries\DocumentLab.TextAnalyzer\DocumentLab.TextAnalyzer.csproj", "{347D62F9-14EB-408B-BBF9-240850F27721}"
EndProject
Project("{2150E333-8FDC-42A3-9474-1A3956D46DE8}") = "Libraries", "Libraries", "{0964BB76-68FC-4B16-9446-025003D1CCA8}"
EndProject
Project("{2150E333-8FDC-42A3-9474-1A3956D46DE8}") = "Test", "Test", "{7404CB9A-5B0B-440E-B06F-35CFAA854BFF}"
EndProject
Project("{FAE04EC0-301F-11D3-BF4B-00C04F79EFBC}") = "DocumentLab.PageAnalyzerUnitTest", "Test\DocumentLab.PageAnalyzerUnitTest\DocumentLab.PageAnalyzerUnitTest.csproj", "{815813D8-E5C5-40AA-89A3-9E286FA5A619}"
EndProject
Project("{FAE04EC0-301F-11D3-BF4B-00C04F79EFBC}") = "DocumentLab.PageInterpreterUnitTest", "Test\DocumentLab.PageInterpreterUnitTest\DocumentLab.PageInterpreterUnitTest.csproj", "{B83FA34E-422F-41F8-9C28-14BC247A971B}"
EndProject
Project("{FAE04EC0-301F-11D3-BF4B-00C04F79EFBC}") = "DocumentLab.Test", "Test\DocumentLab.Test\DocumentLab.Test.csproj", "{658BA695-7061-420F-8361-134395CF0781}"
EndProject
Project("{FAE04EC0-301F-11D3-BF4B-00C04F79EFBC}") = "DocumentLab.TextAnalyzerUnitTest", "Test\DocumentLab.TextAnalyzerUnitTest\DocumentLab.TextAnalyzerUnitTest.csproj", "{16A2DE17-6836-44B0-9C4D-7F0081B19B66}"
EndProject
Project("{2150E333-8FDC-42A3-9474-1A3956D46DE8}") = "Applications", "Applications", "{18AE01FA-DE36-41E0-80D8-D8334D679444}"
EndProject
Project("{FAE04EC0-301F-11D3-BF4B-00C04F79EFBC}") = "DocumentLab", "Applications\DocumentLab\DocumentLab.csproj", "{2E423F58-1944-49B8-B84F-F8C982424577}"
EndProject
Project("{FAE04EC0-301F-11D3-BF4B-00C04F79EFBC}") = "DocumentLabCL", "Applications\DocumentLabCL\DocumentLabCL.csproj", "{344046B5-BBBE-40EF-9E62-EDAF4CAF8A74}"
EndProject
Project("{2150E333-8FDC-42A3-9474-1A3956D46DE8}") = "bin", "bin", "{33597F5F-5500-401A-AAEA-BD297B665FBE}"
	ProjectSection(SolutionItems) = preProject
		bin\DocumentLabCL-Win64.zip = bin\DocumentLabCL-Win64.zip
	EndProjectSection
EndProject
Project("{FAE04EC0-301F-11D3-BF4B-00C04F79EFBC}") = "DocumentLab.FluentQuery", "Libraries\DocumentLab.FluentQuery\DocumentLab.FluentQuery.csproj", "{55F25B67-D183-46F7-8489-FC096B82E86B}"
EndProject
Project("{FAE04EC0-301F-11D3-BF4B-00C04F79EFBC}") = "DocumentLab.FluentQueryTest", "Test\DocumentLab.FluentQueryTest\DocumentLab.FluentQueryTest.csproj", "{8527FFCA-3077-4659-9F4D-22A730C67678}"
EndProject
Project("{2150E333-8FDC-42A3-9474-1A3956D46DE8}") = "Documentation", "Documentation", "{FFEEB9F7-26E7-428F-89FD-D19B1DE79C8F}"
	ProjectSection(SolutionItems) = preProject
		Documentation\Configuration.md = Documentation\Configuration.md
		Documentation\Examples.md = Documentation\Examples.md
		Documentation\FluentDocumentLab.md = Documentation\FluentDocumentLab.md
		Documentation\Overview.md = Documentation\Overview.md
		Documentation\QueryLanguage.md = Documentation\QueryLanguage.md
		README.md = README.md
		Documentation\TesseractPoolDiagram.png = Documentation\TesseractPoolDiagram.png
	EndProjectSection
EndProject
Global
	GlobalSection(SolutionConfigurationPlatforms) = preSolution
		Debug|Any CPU = Debug|Any CPU
		Debug|x64 = Debug|x64
		Release|Any CPU = Release|Any CPU
		Release|x64 = Release|x64
	EndGlobalSection
	GlobalSection(ProjectConfigurationPlatforms) = postSolution
		{57BDF394-9BDD-49E8-AE1A-3436F73D1451}.Debug|Any CPU.ActiveCfg = Debug|Any CPU
		{57BDF394-9BDD-49E8-AE1A-3436F73D1451}.Debug|Any CPU.Build.0 = Debug|Any CPU
		{57BDF394-9BDD-49E8-AE1A-3436F73D1451}.Debug|x64.ActiveCfg = Debug|x64
		{57BDF394-9BDD-49E8-AE1A-3436F73D1451}.Debug|x64.Build.0 = Debug|x64
		{57BDF394-9BDD-49E8-AE1A-3436F73D1451}.Release|Any CPU.ActiveCfg = Release|Any CPU
		{57BDF394-9BDD-49E8-AE1A-3436F73D1451}.Release|Any CPU.Build.0 = Release|Any CPU
		{57BDF394-9BDD-49E8-AE1A-3436F73D1451}.Release|x64.ActiveCfg = Release|x64
		{57BDF394-9BDD-49E8-AE1A-3436F73D1451}.Release|x64.Build.0 = Release|x64
		{A82EB56D-EA9C-4E0B-B411-E8E8BB16FAB9}.Debug|Any CPU.ActiveCfg = Debug|Any CPU
		{A82EB56D-EA9C-4E0B-B411-E8E8BB16FAB9}.Debug|Any CPU.Build.0 = Debug|Any CPU
		{A82EB56D-EA9C-4E0B-B411-E8E8BB16FAB9}.Debug|x64.ActiveCfg = Debug|x64
		{A82EB56D-EA9C-4E0B-B411-E8E8BB16FAB9}.Debug|x64.Build.0 = Debug|x64
		{A82EB56D-EA9C-4E0B-B411-E8E8BB16FAB9}.Release|Any CPU.ActiveCfg = Release|Any CPU
		{A82EB56D-EA9C-4E0B-B411-E8E8BB16FAB9}.Release|Any CPU.Build.0 = Release|Any CPU
		{A82EB56D-EA9C-4E0B-B411-E8E8BB16FAB9}.Release|x64.ActiveCfg = Release|x64
		{A82EB56D-EA9C-4E0B-B411-E8E8BB16FAB9}.Release|x64.Build.0 = Release|x64
		{C5F9819F-5A25-40E5-BFF0-865B40BC3623}.Debug|Any CPU.ActiveCfg = Debug|Any CPU
		{C5F9819F-5A25-40E5-BFF0-865B40BC3623}.Debug|Any CPU.Build.0 = Debug|Any CPU
		{C5F9819F-5A25-40E5-BFF0-865B40BC3623}.Debug|x64.ActiveCfg = Debug|x64
		{C5F9819F-5A25-40E5-BFF0-865B40BC3623}.Debug|x64.Build.0 = Debug|x64
		{C5F9819F-5A25-40E5-BFF0-865B40BC3623}.Release|Any CPU.ActiveCfg = Release|Any CPU
		{C5F9819F-5A25-40E5-BFF0-865B40BC3623}.Release|Any CPU.Build.0 = Release|Any CPU
		{C5F9819F-5A25-40E5-BFF0-865B40BC3623}.Release|x64.ActiveCfg = Release|x64
		{C5F9819F-5A25-40E5-BFF0-865B40BC3623}.Release|x64.Build.0 = Release|x64
		{C86347F7-EABC-4541-916D-414F8F8B48D2}.Debug|Any CPU.ActiveCfg = Debug|Any CPU
		{C86347F7-EABC-4541-916D-414F8F8B48D2}.Debug|Any CPU.Build.0 = Debug|Any CPU
		{C86347F7-EABC-4541-916D-414F8F8B48D2}.Debug|x64.ActiveCfg = Debug|x64
		{C86347F7-EABC-4541-916D-414F8F8B48D2}.Debug|x64.Build.0 = Debug|x64
		{C86347F7-EABC-4541-916D-414F8F8B48D2}.Release|Any CPU.ActiveCfg = Release|Any CPU
		{C86347F7-EABC-4541-916D-414F8F8B48D2}.Release|Any CPU.Build.0 = Release|Any CPU
		{C86347F7-EABC-4541-916D-414F8F8B48D2}.Release|x64.ActiveCfg = Release|x64
		{C86347F7-EABC-4541-916D-414F8F8B48D2}.Release|x64.Build.0 = Release|x64
		{431F6728-67E7-4A0B-819D-6EFD8872A108}.Debug|Any CPU.ActiveCfg = Debug|Any CPU
		{431F6728-67E7-4A0B-819D-6EFD8872A108}.Debug|Any CPU.Build.0 = Debug|Any CPU
		{431F6728-67E7-4A0B-819D-6EFD8872A108}.Debug|x64.ActiveCfg = Debug|x64
		{431F6728-67E7-4A0B-819D-6EFD8872A108}.Debug|x64.Build.0 = Debug|x64
		{431F6728-67E7-4A0B-819D-6EFD8872A108}.Release|Any CPU.ActiveCfg = Release|Any CPU
		{431F6728-67E7-4A0B-819D-6EFD8872A108}.Release|Any CPU.Build.0 = Release|Any CPU
		{431F6728-67E7-4A0B-819D-6EFD8872A108}.Release|x64.ActiveCfg = Release|x64
		{431F6728-67E7-4A0B-819D-6EFD8872A108}.Release|x64.Build.0 = Release|x64
		{4A714576-905E-43D2-8347-95190490FE60}.Debug|Any CPU.ActiveCfg = Debug|Any CPU
		{4A714576-905E-43D2-8347-95190490FE60}.Debug|Any CPU.Build.0 = Debug|Any CPU
		{4A714576-905E-43D2-8347-95190490FE60}.Debug|x64.ActiveCfg = Debug|x64
		{4A714576-905E-43D2-8347-95190490FE60}.Debug|x64.Build.0 = Debug|x64
		{4A714576-905E-43D2-8347-95190490FE60}.Release|Any CPU.ActiveCfg = Release|Any CPU
		{4A714576-905E-43D2-8347-95190490FE60}.Release|Any CPU.Build.0 = Release|Any CPU
		{4A714576-905E-43D2-8347-95190490FE60}.Release|x64.ActiveCfg = Release|x64
		{4A714576-905E-43D2-8347-95190490FE60}.Release|x64.Build.0 = Release|x64
		{347D62F9-14EB-408B-BBF9-240850F27721}.Debug|Any CPU.ActiveCfg = Debug|Any CPU
		{347D62F9-14EB-408B-BBF9-240850F27721}.Debug|Any CPU.Build.0 = Debug|Any CPU
		{347D62F9-14EB-408B-BBF9-240850F27721}.Debug|x64.ActiveCfg = Debug|x64
		{347D62F9-14EB-408B-BBF9-240850F27721}.Debug|x64.Build.0 = Debug|x64
		{347D62F9-14EB-408B-BBF9-240850F27721}.Release|Any CPU.ActiveCfg = Release|Any CPU
		{347D62F9-14EB-408B-BBF9-240850F27721}.Release|Any CPU.Build.0 = Release|Any CPU
		{347D62F9-14EB-408B-BBF9-240850F27721}.Release|x64.ActiveCfg = Release|x64
		{347D62F9-14EB-408B-BBF9-240850F27721}.Release|x64.Build.0 = Release|x64
		{815813D8-E5C5-40AA-89A3-9E286FA5A619}.Debug|Any CPU.ActiveCfg = Debug|Any CPU
		{815813D8-E5C5-40AA-89A3-9E286FA5A619}.Debug|Any CPU.Build.0 = Debug|Any CPU
		{815813D8-E5C5-40AA-89A3-9E286FA5A619}.Debug|x64.ActiveCfg = Debug|x64
		{815813D8-E5C5-40AA-89A3-9E286FA5A619}.Debug|x64.Build.0 = Debug|x64
		{815813D8-E5C5-40AA-89A3-9E286FA5A619}.Release|Any CPU.ActiveCfg = Release|Any CPU
		{815813D8-E5C5-40AA-89A3-9E286FA5A619}.Release|Any CPU.Build.0 = Release|Any CPU
		{815813D8-E5C5-40AA-89A3-9E286FA5A619}.Release|x64.ActiveCfg = Release|x64
		{815813D8-E5C5-40AA-89A3-9E286FA5A619}.Release|x64.Build.0 = Release|x64
		{B83FA34E-422F-41F8-9C28-14BC247A971B}.Debug|Any CPU.ActiveCfg = Debug|Any CPU
		{B83FA34E-422F-41F8-9C28-14BC247A971B}.Debug|Any CPU.Build.0 = Debug|Any CPU
		{B83FA34E-422F-41F8-9C28-14BC247A971B}.Debug|x64.ActiveCfg = Debug|x64
		{B83FA34E-422F-41F8-9C28-14BC247A971B}.Debug|x64.Build.0 = Debug|x64
		{B83FA34E-422F-41F8-9C28-14BC247A971B}.Release|Any CPU.ActiveCfg = Release|Any CPU
		{B83FA34E-422F-41F8-9C28-14BC247A971B}.Release|Any CPU.Build.0 = Release|Any CPU
		{B83FA34E-422F-41F8-9C28-14BC247A971B}.Release|x64.ActiveCfg = Release|x64
		{B83FA34E-422F-41F8-9C28-14BC247A971B}.Release|x64.Build.0 = Release|x64
		{658BA695-7061-420F-8361-134395CF0781}.Debug|Any CPU.ActiveCfg = Debug|Any CPU
		{658BA695-7061-420F-8361-134395CF0781}.Debug|Any CPU.Build.0 = Debug|Any CPU
		{658BA695-7061-420F-8361-134395CF0781}.Debug|x64.ActiveCfg = Debug|x64
		{658BA695-7061-420F-8361-134395CF0781}.Debug|x64.Build.0 = Debug|x64
		{658BA695-7061-420F-8361-134395CF0781}.Release|Any CPU.ActiveCfg = Release|Any CPU
		{658BA695-7061-420F-8361-134395CF0781}.Release|Any CPU.Build.0 = Release|Any CPU
		{658BA695-7061-420F-8361-134395CF0781}.Release|x64.ActiveCfg = Release|x64
		{658BA695-7061-420F-8361-134395CF0781}.Release|x64.Build.0 = Release|x64
		{16A2DE17-6836-44B0-9C4D-7F0081B19B66}.Debug|Any CPU.ActiveCfg = Debug|Any CPU
		{16A2DE17-6836-44B0-9C4D-7F0081B19B66}.Debug|Any CPU.Build.0 = Debug|Any CPU
		{16A2DE17-6836-44B0-9C4D-7F0081B19B66}.Debug|x64.ActiveCfg = Debug|x64
		{16A2DE17-6836-44B0-9C4D-7F0081B19B66}.Debug|x64.Build.0 = Debug|x64
		{16A2DE17-6836-44B0-9C4D-7F0081B19B66}.Release|Any CPU.ActiveCfg = Release|Any CPU
		{16A2DE17-6836-44B0-9C4D-7F0081B19B66}.Release|Any CPU.Build.0 = Release|Any CPU
		{16A2DE17-6836-44B0-9C4D-7F0081B19B66}.Release|x64.ActiveCfg = Release|x64
		{16A2DE17-6836-44B0-9C4D-7F0081B19B66}.Release|x64.Build.0 = Release|x64
		{2E423F58-1944-49B8-B84F-F8C982424577}.Debug|Any CPU.ActiveCfg = Debug|Any CPU
		{2E423F58-1944-49B8-B84F-F8C982424577}.Debug|Any CPU.Build.0 = Debug|Any CPU
		{2E423F58-1944-49B8-B84F-F8C982424577}.Debug|x64.ActiveCfg = Debug|x64
		{2E423F58-1944-49B8-B84F-F8C982424577}.Debug|x64.Build.0 = Debug|x64
		{2E423F58-1944-49B8-B84F-F8C982424577}.Release|Any CPU.ActiveCfg = Release|Any CPU
		{2E423F58-1944-49B8-B84F-F8C982424577}.Release|Any CPU.Build.0 = Release|Any CPU
		{2E423F58-1944-49B8-B84F-F8C982424577}.Release|x64.ActiveCfg = Release|x64
		{2E423F58-1944-49B8-B84F-F8C982424577}.Release|x64.Build.0 = Release|x64
		{344046B5-BBBE-40EF-9E62-EDAF4CAF8A74}.Debug|Any CPU.ActiveCfg = Debug|Any CPU
		{344046B5-BBBE-40EF-9E62-EDAF4CAF8A74}.Debug|Any CPU.Build.0 = Debug|Any CPU
		{344046B5-BBBE-40EF-9E62-EDAF4CAF8A74}.Debug|x64.ActiveCfg = Debug|Any CPU
		{344046B5-BBBE-40EF-9E62-EDAF4CAF8A74}.Debug|x64.Build.0 = Debug|Any CPU
		{344046B5-BBBE-40EF-9E62-EDAF4CAF8A74}.Release|Any CPU.ActiveCfg = Release|Any CPU
		{344046B5-BBBE-40EF-9E62-EDAF4CAF8A74}.Release|Any CPU.Build.0 = Release|Any CPU
		{344046B5-BBBE-40EF-9E62-EDAF4CAF8A74}.Release|x64.ActiveCfg = Release|Any CPU
		{344046B5-BBBE-40EF-9E62-EDAF4CAF8A74}.Release|x64.Build.0 = Release|Any CPU
		{55F25B67-D183-46F7-8489-FC096B82E86B}.Debug|Any CPU.ActiveCfg = Debug|Any CPU
		{55F25B67-D183-46F7-8489-FC096B82E86B}.Debug|Any CPU.Build.0 = Debug|Any CPU
		{55F25B67-D183-46F7-8489-FC096B82E86B}.Debug|x64.ActiveCfg = Debug|Any CPU
		{55F25B67-D183-46F7-8489-FC096B82E86B}.Debug|x64.Build.0 = Debug|Any CPU
		{55F25B67-D183-46F7-8489-FC096B82E86B}.Release|Any CPU.ActiveCfg = Release|Any CPU
		{55F25B67-D183-46F7-8489-FC096B82E86B}.Release|Any CPU.Build.0 = Release|Any CPU
		{55F25B67-D183-46F7-8489-FC096B82E86B}.Release|x64.ActiveCfg = Release|Any CPU
		{55F25B67-D183-46F7-8489-FC096B82E86B}.Release|x64.Build.0 = Release|Any CPU
		{8527FFCA-3077-4659-9F4D-22A730C67678}.Debug|Any CPU.ActiveCfg = Debug|Any CPU
		{8527FFCA-3077-4659-9F4D-22A730C67678}.Debug|Any CPU.Build.0 = Debug|Any CPU
		{8527FFCA-3077-4659-9F4D-22A730C67678}.Debug|x64.ActiveCfg = Debug|Any CPU
		{8527FFCA-3077-4659-9F4D-22A730C67678}.Debug|x64.Build.0 = Debug|Any CPU
		{8527FFCA-3077-4659-9F4D-22A730C67678}.Release|Any CPU.ActiveCfg = Release|Any CPU
		{8527FFCA-3077-4659-9F4D-22A730C67678}.Release|Any CPU.Build.0 = Release|Any CPU
		{8527FFCA-3077-4659-9F4D-22A730C67678}.Release|x64.ActiveCfg = Release|Any CPU
		{8527FFCA-3077-4659-9F4D-22A730C67678}.Release|x64.Build.0 = Release|Any CPU
	EndGlobalSection
	GlobalSection(SolutionProperties) = preSolution
		HideSolutionNode = FALSE
	EndGlobalSection
	GlobalSection(NestedProjects) = preSolution
		{57BDF394-9BDD-49E8-AE1A-3436F73D1451} = {0964BB76-68FC-4B16-9446-025003D1CCA8}
		{A82EB56D-EA9C-4E0B-B411-E8E8BB16FAB9} = {0964BB76-68FC-4B16-9446-025003D1CCA8}
		{C5F9819F-5A25-40E5-BFF0-865B40BC3623} = {0964BB76-68FC-4B16-9446-025003D1CCA8}
		{C86347F7-EABC-4541-916D-414F8F8B48D2} = {0964BB76-68FC-4B16-9446-025003D1CCA8}
		{431F6728-67E7-4A0B-819D-6EFD8872A108} = {0964BB76-68FC-4B16-9446-025003D1CCA8}
		{4A714576-905E-43D2-8347-95190490FE60} = {0964BB76-68FC-4B16-9446-025003D1CCA8}
		{347D62F9-14EB-408B-BBF9-240850F27721} = {0964BB76-68FC-4B16-9446-025003D1CCA8}
		{815813D8-E5C5-40AA-89A3-9E286FA5A619} = {7404CB9A-5B0B-440E-B06F-35CFAA854BFF}
		{B83FA34E-422F-41F8-9C28-14BC247A971B} = {7404CB9A-5B0B-440E-B06F-35CFAA854BFF}
		{658BA695-7061-420F-8361-134395CF0781} = {7404CB9A-5B0B-440E-B06F-35CFAA854BFF}
		{16A2DE17-6836-44B0-9C4D-7F0081B19B66} = {7404CB9A-5B0B-440E-B06F-35CFAA854BFF}
		{2E423F58-1944-49B8-B84F-F8C982424577} = {18AE01FA-DE36-41E0-80D8-D8334D679444}
		{344046B5-BBBE-40EF-9E62-EDAF4CAF8A74} = {18AE01FA-DE36-41E0-80D8-D8334D679444}
		{55F25B67-D183-46F7-8489-FC096B82E86B} = {0964BB76-68FC-4B16-9446-025003D1CCA8}
		{8527FFCA-3077-4659-9F4D-22A730C67678} = {7404CB9A-5B0B-440E-B06F-35CFAA854BFF}
	EndGlobalSection
	GlobalSection(ExtensibilityGlobals) = postSolution
		SolutionGuid = {701A6698-D495-4C6B-B68A-B0D778ADB656}
	EndGlobalSection
EndGlobal
